
Microsoft Visual Studio Solution File, Format Version 12.00
# Visual Studio Version 16
VisualStudioVersion = 16.0.30114.105
MinimumVisualStudioVersion = 10.0.40219.1
Project("{FAE04EC0-301F-11D3-BF4B-00C04F79EFBC}") = "Persistance", "Persistance\Persistance.csproj", "{03E38A10-FADE-4335-BA30-54C026DA907A}"
EndProject
Project("{FAE04EC0-301F-11D3-BF4B-00C04F79EFBC}") = "DAL", "DAL\DAL.csproj", "{6A5A6922-BD2E-4855-8061-74DAABFB8AE0}"
EndProject
Project("{FAE04EC0-301F-11D3-BF4B-00C04F79EFBC}") = "Persistence", "Persistence\Persistence.csproj", "{286B2727-A7C1-4FBC-BC24-F36C07980F60}"
EndProject
Project("{FAE04EC0-301F-11D3-BF4B-00C04F79EFBC}") = "BL", "BL\BL.csproj", "{9D90794E-B8DC-4573-8ABA-5B3EF1AFE475}"
EndProject
Project("{FAE04EC0-301F-11D3-BF4B-00C04F79EFBC}") = "ConsolePL", "ConsolePL\ConsolePL.csproj", "{92BEEB9A-8AC1-44BC-84A3-BDC7DC2ECFBA}"
EndProject
Global
	GlobalSection(SolutionConfigurationPlatforms) = preSolution
		Debug|Any CPU = Debug|Any CPU
		Debug|x64 = Debug|x64
		Debug|x86 = Debug|x86
		Release|Any CPU = Release|Any CPU
		Release|x64 = Release|x64
		Release|x86 = Release|x86
	EndGlobalSection
	GlobalSection(SolutionProperties) = preSolution
		HideSolutionNode = FALSE
	EndGlobalSection
	GlobalSection(ProjectConfigurationPlatforms) = postSolution
		{03E38A10-FADE-4335-BA30-54C026DA907A}.Debug|Any CPU.ActiveCfg = Debug|Any CPU
		{03E38A10-FADE-4335-BA30-54C026DA907A}.Debug|Any CPU.Build.0 = Debug|Any CPU
		{03E38A10-FADE-4335-BA30-54C026DA907A}.Debug|x64.ActiveCfg = Debug|Any CPU
		{03E38A10-FADE-4335-BA30-54C026DA907A}.Debug|x64.Build.0 = Debug|Any CPU
		{03E38A10-FADE-4335-BA30-54C026DA907A}.Debug|x86.ActiveCfg = Debug|Any CPU
		{03E38A10-FADE-4335-BA30-54C026DA907A}.Debug|x86.Build.0 = Debug|Any CPU
		{03E38A10-FADE-4335-BA30-54C026DA907A}.Release|Any CPU.ActiveCfg = Release|Any CPU
		{03E38A10-FADE-4335-BA30-54C026DA907A}.Release|Any CPU.Build.0 = Release|Any CPU
		{03E38A10-FADE-4335-BA30-54C026DA907A}.Release|x64.ActiveCfg = Release|Any CPU
		{03E38A10-FADE-4335-BA30-54C026DA907A}.Release|x64.Build.0 = Release|Any CPU
		{03E38A10-FADE-4335-BA30-54C026DA907A}.Release|x86.ActiveCfg = Release|Any CPU
		{03E38A10-FADE-4335-BA30-54C026DA907A}.Release|x86.Build.0 = Release|Any CPU
		{6A5A6922-BD2E-4855-8061-74DAABFB8AE0}.Debug|Any CPU.ActiveCfg = Debug|Any CPU
		{6A5A6922-BD2E-4855-8061-74DAABFB8AE0}.Debug|Any CPU.Build.0 = Debug|Any CPU
		{6A5A6922-BD2E-4855-8061-74DAABFB8AE0}.Debug|x64.ActiveCfg = Debug|Any CPU
		{6A5A6922-BD2E-4855-8061-74DAABFB8AE0}.Debug|x64.Build.0 = Debug|Any CPU
		{6A5A6922-BD2E-4855-8061-74DAABFB8AE0}.Debug|x86.ActiveCfg = Debug|Any CPU
		{6A5A6922-BD2E-4855-8061-74DAABFB8AE0}.Debug|x86.Build.0 = Debug|Any CPU
		{6A5A6922-BD2E-4855-8061-74DAABFB8AE0}.Release|Any CPU.ActiveCfg = Release|Any CPU
		{6A5A6922-BD2E-4855-8061-74DAABFB8AE0}.Release|Any CPU.Build.0 = Release|Any CPU
		{6A5A6922-BD2E-4855-8061-74DAABFB8AE0}.Release|x64.ActiveCfg = Release|Any CPU
		{6A5A6922-BD2E-4855-8061-74DAABFB8AE0}.Release|x64.Build.0 = Release|Any CPU
		{6A5A6922-BD2E-4855-8061-74DAABFB8AE0}.Release|x86.ActiveCfg = Release|Any CPU
		{6A5A6922-BD2E-4855-8061-74DAABFB8AE0}.Release|x86.Build.0 = Release|Any CPU
		{286B2727-A7C1-4FBC-BC24-F36C07980F60}.Debug|Any CPU.ActiveCfg = Debug|Any CPU
		{286B2727-A7C1-4FBC-BC24-F36C07980F60}.Debug|Any CPU.Build.0 = Debug|Any CPU
		{286B2727-A7C1-4FBC-BC24-F36C07980F60}.Debug|x64.ActiveCfg = Debug|Any CPU
		{286B2727-A7C1-4FBC-BC24-F36C07980F60}.Debug|x64.Build.0 = Debug|Any CPU
		{286B2727-A7C1-4FBC-BC24-F36C07980F60}.Debug|x86.ActiveCfg = Debug|Any CPU
		{286B2727-A7C1-4FBC-BC24-F36C07980F60}.Debug|x86.Build.0 = Debug|Any CPU
		{286B2727-A7C1-4FBC-BC24-F36C07980F60}.Release|Any CPU.ActiveCfg = Release|Any CPU
		{286B2727-A7C1-4FBC-BC24-F36C07980F60}.Release|Any CPU.Build.0 = Release|Any CPU
		{286B2727-A7C1-4FBC-BC24-F36C07980F60}.Release|x64.ActiveCfg = Release|Any CPU
		{286B2727-A7C1-4FBC-BC24-F36C07980F60}.Release|x64.Build.0 = Release|Any CPU
		{286B2727-A7C1-4FBC-BC24-F36C07980F60}.Release|x86.ActiveCfg = Release|Any CPU
		{286B2727-A7C1-4FBC-BC24-F36C07980F60}.Release|x86.Build.0 = Release|Any CPU
		{9D90794E-B8DC-4573-8ABA-5B3EF1AFE475}.Debug|Any CPU.ActiveCfg = Debug|Any CPU
		{9D90794E-B8DC-4573-8ABA-5B3EF1AFE475}.Debug|Any CPU.Build.0 = Debug|Any CPU
		{9D90794E-B8DC-4573-8ABA-5B3EF1AFE475}.Debug|x64.ActiveCfg = Debug|Any CPU
		{9D90794E-B8DC-4573-8ABA-5B3EF1AFE475}.Debug|x64.Build.0 = Debug|Any CPU
		{9D90794E-B8DC-4573-8ABA-5B3EF1AFE475}.Debug|x86.ActiveCfg = Debug|Any CPU
		{9D90794E-B8DC-4573-8ABA-5B3EF1AFE475}.Debug|x86.Build.0 = Debug|Any CPU
		{9D90794E-B8DC-4573-8ABA-5B3EF1AFE475}.Release|Any CPU.ActiveCfg = Release|Any CPU
		{9D90794E-B8DC-4573-8ABA-5B3EF1AFE475}.Release|Any CPU.Build.0 = Release|Any CPU
		{9D90794E-B8DC-4573-8ABA-5B3EF1AFE475}.Release|x64.ActiveCfg = Release|Any CPU
		{9D90794E-B8DC-4573-8ABA-5B3EF1AFE475}.Release|x64.Build.0 = Release|Any CPU
		{9D90794E-B8DC-4573-8ABA-5B3EF1AFE475}.Release|x86.ActiveCfg = Release|Any CPU
		{9D90794E-B8DC-4573-8ABA-5B3EF1AFE475}.Release|x86.Build.0 = Release|Any CPU
		{92BEEB9A-8AC1-44BC-84A3-BDC7DC2ECFBA}.Debug|Any CPU.ActiveCfg = Debug|Any CPU
		{92BEEB9A-8AC1-44BC-84A3-BDC7DC2ECFBA}.Debug|Any CPU.Build.0 = Debug|Any CPU
		{92BEEB9A-8AC1-44BC-84A3-BDC7DC2ECFBA}.Debug|x64.ActiveCfg = Debug|Any CPU
		{92BEEB9A-8AC1-44BC-84A3-BDC7DC2ECFBA}.Debug|x64.Build.0 = Debug|Any CPU
		{92BEEB9A-8AC1-44BC-84A3-BDC7DC2ECFBA}.Debug|x86.ActiveCfg = Debug|Any CPU
		{92BEEB9A-8AC1-44BC-84A3-BDC7DC2ECFBA}.Debug|x86.Build.0 = Debug|Any CPU
		{92BEEB9A-8AC1-44BC-84A3-BDC7DC2ECFBA}.Release|Any CPU.ActiveCfg = Release|Any CPU
		{92BEEB9A-8AC1-44BC-84A3-BDC7DC2ECFBA}.Release|Any CPU.Build.0 = Release|Any CPU
		{92BEEB9A-8AC1-44BC-84A3-BDC7DC2ECFBA}.Release|x64.ActiveCfg = Release|Any CPU
		{92BEEB9A-8AC1-44BC-84A3-BDC7DC2ECFBA}.Release|x64.Build.0 = Release|Any CPU
		{92BEEB9A-8AC1-44BC-84A3-BDC7DC2ECFBA}.Release|x86.ActiveCfg = Release|Any CPU
		{92BEEB9A-8AC1-44BC-84A3-BDC7DC2ECFBA}.Release|x86.Build.0 = Release|Any CPU
	EndGlobalSection
EndGlobal
